
Microsoft Visual Studio Solution File, Format Version 12.00
# Visual Studio Version 17
VisualStudioVersion = 17.6.33815.320
MinimumVisualStudioVersion = 10.0.40219.1
Project("{F184B08F-C81C-45F6-A57F-5ABD9991F28F}") = "simple_scott", "simple_scott\simple_scott.vbproj", "{F72CE15C-32D3-4E79-9B47-A6CDE88FF2C2}"
EndProject
Global
	GlobalSection(SolutionConfigurationPlatforms) = preSolution
		Debug|Any CPU = Debug|Any CPU
		Release|Any CPU = Release|Any CPU
	EndGlobalSection
	GlobalSection(ProjectConfigurationPlatforms) = postSolution
		{F72CE15C-32D3-4E79-9B47-A6CDE88FF2C2}.Debug|Any CPU.ActiveCfg = Debug|Any CPU
		{F72CE15C-32D3-4E79-9B47-A6CDE88FF2C2}.Debug|Any CPU.Build.0 = Debug|Any CPU
		{F72CE15C-32D3-4E79-9B47-A6CDE88FF2C2}.Release|Any CPU.ActiveCfg = Release|Any CPU
		{F72CE15C-32D3-4E79-9B47-A6CDE88FF2C2}.Release|Any CPU.Build.0 = Release|Any CPU
	EndGlobalSection
	GlobalSection(SolutionProperties) = preSolution
		HideSolutionNode = FALSE
	EndGlobalSection
	GlobalSection(ExtensibilityGlobals) = postSolution
		SolutionGuid = {800F575A-945C-4DD1-BB83-DF8AAA69673D}
	EndGlobalSection
EndGlobal
